
Microsoft Visual Studio Solution File, Format Version 12.00
# Visual Studio 2012
Project("{FAE04EC0-301F-11D3-BF4B-00C04F79EFBC}") = "AcessoBancoDados", "AcessoBancoDados\AcessoBancoDados.csproj", "{71806755-B471-4A35-A1D8-F37742FF244B}"
EndProject
Project("{FAE04EC0-301F-11D3-BF4B-00C04F79EFBC}") = "Negocios", "Negocios\Negocios.csproj", "{AD7604F2-0FF0-4E4F-AA66-1779DDBE47B2}"
EndProject
Project("{FAE04EC0-301F-11D3-BF4B-00C04F79EFBC}") = "Apresentacao", "Apresentacao\Apresentacao.csproj", "{D40B1353-2E21-405C-89E5-DAF3B29E9D98}"
EndProject
Project("{FAE04EC0-301F-11D3-BF4B-00C04F79EFBC}") = "ObjetoTransferencia", "ObjetoTransferencia\ObjetoTransferencia.csproj", "{5ACB6723-71B2-4483-8300-B5F9A46251CE}"
EndProject
Global
	GlobalSection(SolutionConfigurationPlatforms) = preSolution
		Debug|Any CPU = Debug|Any CPU
		Release|Any CPU = Release|Any CPU
	EndGlobalSection
	GlobalSection(ProjectConfigurationPlatforms) = postSolution
		{71806755-B471-4A35-A1D8-F37742FF244B}.Debug|Any CPU.ActiveCfg = Debug|Any CPU
		{71806755-B471-4A35-A1D8-F37742FF244B}.Debug|Any CPU.Build.0 = Debug|Any CPU
		{71806755-B471-4A35-A1D8-F37742FF244B}.Release|Any CPU.ActiveCfg = Release|Any CPU
		{71806755-B471-4A35-A1D8-F37742FF244B}.Release|Any CPU.Build.0 = Release|Any CPU
		{AD7604F2-0FF0-4E4F-AA66-1779DDBE47B2}.Debug|Any CPU.ActiveCfg = Debug|Any CPU
		{AD7604F2-0FF0-4E4F-AA66-1779DDBE47B2}.Debug|Any CPU.Build.0 = Debug|Any CPU
		{AD7604F2-0FF0-4E4F-AA66-1779DDBE47B2}.Release|Any CPU.ActiveCfg = Release|Any CPU
		{AD7604F2-0FF0-4E4F-AA66-1779DDBE47B2}.Release|Any CPU.Build.0 = Release|Any CPU
		{D40B1353-2E21-405C-89E5-DAF3B29E9D98}.Debug|Any CPU.ActiveCfg = Debug|Any CPU
		{D40B1353-2E21-405C-89E5-DAF3B29E9D98}.Debug|Any CPU.Build.0 = Debug|Any CPU
		{D40B1353-2E21-405C-89E5-DAF3B29E9D98}.Release|Any CPU.ActiveCfg = Release|Any CPU
		{D40B1353-2E21-405C-89E5-DAF3B29E9D98}.Release|Any CPU.Build.0 = Release|Any CPU
		{5ACB6723-71B2-4483-8300-B5F9A46251CE}.Debug|Any CPU.ActiveCfg = Debug|Any CPU
		{5ACB6723-71B2-4483-8300-B5F9A46251CE}.Debug|Any CPU.Build.0 = Debug|Any CPU
		{5ACB6723-71B2-4483-8300-B5F9A46251CE}.Release|Any CPU.ActiveCfg = Release|Any CPU
		{5ACB6723-71B2-4483-8300-B5F9A46251CE}.Release|Any CPU.Build.0 = Release|Any CPU
	EndGlobalSection
	GlobalSection(SolutionProperties) = preSolution
		HideSolutionNode = FALSE
	EndGlobalSection
EndGlobal
